// !$*UTF8*$!
{
	archiveVersion = 1;
	classes = {
	};
	objectVersion = 50;
	objects = {

/* Begin PBXBuildFile section */
		000C3439263A827800711C82 /* AppDelegate.swift in Sources */ = {isa = PBXBuildFile; fileRef = 000C3438263A827800711C82 /* AppDelegate.swift */; };
		000C343B263A827800711C82 /* SceneDelegate.swift in Sources */ = {isa = PBXBuildFile; fileRef = 000C343A263A827800711C82 /* SceneDelegate.swift */; };
		000C343D263A827800711C82 /* ViewController.swift in Sources */ = {isa = PBXBuildFile; fileRef = 000C343C263A827800711C82 /* ViewController.swift */; };
		000C3440263A827900711C82 /* Main.storyboard in Resources */ = {isa = PBXBuildFile; fileRef = 000C343E263A827800711C82 /* Main.storyboard */; };
		000C3442263A827C00711C82 /* Assets.xcassets in Resources */ = {isa = PBXBuildFile; fileRef = 000C3441263A827C00711C82 /* Assets.xcassets */; };
		000C3445263A827C00711C82 /* LaunchScreen.storyboard in Resources */ = {isa = PBXBuildFile; fileRef = 000C3443263A827C00711C82 /* LaunchScreen.storyboard */; };
		000C3450263A827D00711C82 /* GachaTechTests.swift in Sources */ = {isa = PBXBuildFile; fileRef = 000C344F263A827D00711C82 /* GachaTechTests.swift */; };
		000C345B263A827D00711C82 /* GachaTechUITests.swift in Sources */ = {isa = PBXBuildFile; fileRef = 000C345A263A827D00711C82 /* GachaTechUITests.swift */; };
/* End PBXBuildFile section */

/* Begin PBXContainerItemProxy section */
		000C344C263A827D00711C82 /* PBXContainerItemProxy */ = {
			isa = PBXContainerItemProxy;
			containerPortal = 000C342D263A827800711C82 /* Project object */;
			proxyType = 1;
			remoteGlobalIDString = 000C3434263A827800711C82;
			remoteInfo = GachaTech;
		};
		000C3457263A827D00711C82 /* PBXContainerItemProxy */ = {
			isa = PBXContainerItemProxy;
			containerPortal = 000C342D263A827800711C82 /* Project object */;
			proxyType = 1;
			remoteGlobalIDString = 000C3434263A827800711C82;
			remoteInfo = GachaTech;
		};
/* End PBXContainerItemProxy section */

/* Begin PBXFileReference section */
		000C3435263A827800711C82 /* GachaTech.app */ = {isa = PBXFileReference; explicitFileType = wrapper.application; includeInIndex = 0; path = GachaTech.app; sourceTree = BUILT_PRODUCTS_DIR; };
		000C3438263A827800711C82 /* AppDelegate.swift */ = {isa = PBXFileReference; lastKnownFileType = sourcecode.swift; path = AppDelegate.swift; sourceTree = "<group>"; };
		000C343A263A827800711C82 /* SceneDelegate.swift */ = {isa = PBXFileReference; lastKnownFileType = sourcecode.swift; path = SceneDelegate.swift; sourceTree = "<group>"; };
		000C343C263A827800711C82 /* ViewController.swift */ = {isa = PBXFileReference; lastKnownFileType = sourcecode.swift; path = ViewController.swift; sourceTree = "<group>"; };
		000C343F263A827800711C82 /* Base */ = {isa = PBXFileReference; lastKnownFileType = file.storyboard; name = Base; path = Base.lproj/Main.storyboard; sourceTree = "<group>"; };
		000C3441263A827C00711C82 /* Assets.xcassets */ = {isa = PBXFileReference; lastKnownFileType = folder.assetcatalog; path = Assets.xcassets; sourceTree = "<group>"; };
		000C3444263A827C00711C82 /* Base */ = {isa = PBXFileReference; lastKnownFileType = file.storyboard; name = Base; path = Base.lproj/LaunchScreen.storyboard; sourceTree = "<group>"; };
		000C3446263A827C00711C82 /* Info.plist */ = {isa = PBXFileReference; lastKnownFileType = text.plist.xml; path = Info.plist; sourceTree = "<group>"; };
		000C344B263A827D00711C82 /* GachaTechTests.xctest */ = {isa = PBXFileReference; explicitFileType = wrapper.cfbundle; includeInIndex = 0; path = GachaTechTests.xctest; sourceTree = BUILT_PRODUCTS_DIR; };
		000C344F263A827D00711C82 /* GachaTechTests.swift */ = {isa = PBXFileReference; lastKnownFileType = sourcecode.swift; path = GachaTechTests.swift; sourceTree = "<group>"; };
		000C3451263A827D00711C82 /* Info.plist */ = {isa = PBXFileReference; lastKnownFileType = text.plist.xml; path = Info.plist; sourceTree = "<group>"; };
		000C3456263A827D00711C82 /* GachaTechUITests.xctest */ = {isa = PBXFileReference; explicitFileType = wrapper.cfbundle; includeInIndex = 0; path = GachaTechUITests.xctest; sourceTree = BUILT_PRODUCTS_DIR; };
		000C345A263A827D00711C82 /* GachaTechUITests.swift */ = {isa = PBXFileReference; lastKnownFileType = sourcecode.swift; path = GachaTechUITests.swift; sourceTree = "<group>"; };
		000C345C263A827D00711C82 /* Info.plist */ = {isa = PBXFileReference; lastKnownFileType = text.plist.xml; path = Info.plist; sourceTree = "<group>"; };
/* End PBXFileReference section */

/* Begin PBXFrameworksBuildPhase section */
		000C3432263A827800711C82 /* Frameworks */ = {
			isa = PBXFrameworksBuildPhase;
			buildActionMask = 2147483647;
			files = (
			);
			runOnlyForDeploymentPostprocessing = 0;
		};
		000C3448263A827D00711C82 /* Frameworks */ = {
			isa = PBXFrameworksBuildPhase;
			buildActionMask = 2147483647;
			files = (
			);
			runOnlyForDeploymentPostprocessing = 0;
		};
		000C3453263A827D00711C82 /* Frameworks */ = {
			isa = PBXFrameworksBuildPhase;
			buildActionMask = 2147483647;
			files = (
			);
			runOnlyForDeploymentPostprocessing = 0;
		};
/* End PBXFrameworksBuildPhase section */

/* Begin PBXGroup section */
		000C342C263A827800711C82 = {
			isa = PBXGroup;
			children = (
				000C3437263A827800711C82 /* GachaTech */,
				000C344E263A827D00711C82 /* GachaTechTests */,
				000C3459263A827D00711C82 /* GachaTechUITests */,
				000C3436263A827800711C82 /* Products */,
			);
			sourceTree = "<group>";
		};
		000C3436263A827800711C82 /* Products */ = {
			isa = PBXGroup;
			children = (
				000C3435263A827800711C82 /* GachaTech.app */,
				000C344B263A827D00711C82 /* GachaTechTests.xctest */,
				000C3456263A827D00711C82 /* GachaTechUITests.xctest */,
			);
			name = Products;
			sourceTree = "<group>";
		};
		000C3437263A827800711C82 /* GachaTech */ = {
			isa = PBXGroup;
			children = (
				000C3438263A827800711C82 /* AppDelegate.swift */,
				000C343A263A827800711C82 /* SceneDelegate.swift */,
				000C343C263A827800711C82 /* ViewController.swift */,
				000C343E263A827800711C82 /* Main.storyboard */,
				000C3441263A827C00711C82 /* Assets.xcassets */,
				000C3443263A827C00711C82 /* LaunchScreen.storyboard */,
				000C3446263A827C00711C82 /* Info.plist */,
			);
			path = GachaTech;
			sourceTree = "<group>";
		};
		000C344E263A827D00711C82 /* GachaTechTests */ = {
			isa = PBXGroup;
			children = (
				000C344F263A827D00711C82 /* GachaTechTests.swift */,
				000C3451263A827D00711C82 /* Info.plist */,
			);
			path = GachaTechTests;
			sourceTree = "<group>";
		};
		000C3459263A827D00711C82 /* GachaTechUITests */ = {
			isa = PBXGroup;
			children = (
				000C345A263A827D00711C82 /* GachaTechUITests.swift */,
				000C345C263A827D00711C82 /* Info.plist */,
			);
			path = GachaTechUITests;
			sourceTree = "<group>";
		};
/* End PBXGroup section */

/* Begin PBXNativeTarget section */
		000C3434263A827800711C82 /* GachaTech */ = {
			isa = PBXNativeTarget;
			buildConfigurationList = 000C345F263A827D00711C82 /* Build configuration list for PBXNativeTarget "GachaTech" */;
			buildPhases = (
				000C3431263A827800711C82 /* Sources */,
				000C3432263A827800711C82 /* Frameworks */,
				000C3433263A827800711C82 /* Resources */,
			);
			buildRules = (
			);
			dependencies = (
			);
			name = GachaTech;
			productName = GachaTech;
			productReference = 000C3435263A827800711C82 /* GachaTech.app */;
			productType = "com.apple.product-type.application";
		};
		000C344A263A827D00711C82 /* GachaTechTests */ = {
			isa = PBXNativeTarget;
			buildConfigurationList = 000C3462263A827D00711C82 /* Build configuration list for PBXNativeTarget "GachaTechTests" */;
			buildPhases = (
				000C3447263A827D00711C82 /* Sources */,
				000C3448263A827D00711C82 /* Frameworks */,
				000C3449263A827D00711C82 /* Resources */,
			);
			buildRules = (
			);
			dependencies = (
				000C344D263A827D00711C82 /* PBXTargetDependency */,
			);
			name = GachaTechTests;
			productName = GachaTechTests;
			productReference = 000C344B263A827D00711C82 /* GachaTechTests.xctest */;
			productType = "com.apple.product-type.bundle.unit-test";
		};
		000C3455263A827D00711C82 /* GachaTechUITests */ = {
			isa = PBXNativeTarget;
			buildConfigurationList = 000C3465263A827D00711C82 /* Build configuration list for PBXNativeTarget "GachaTechUITests" */;
			buildPhases = (
				000C3452263A827D00711C82 /* Sources */,
				000C3453263A827D00711C82 /* Frameworks */,
				000C3454263A827D00711C82 /* Resources */,
			);
			buildRules = (
			);
			dependencies = (
				000C3458263A827D00711C82 /* PBXTargetDependency */,
			);
			name = GachaTechUITests;
			productName = GachaTechUITests;
			productReference = 000C3456263A827D00711C82 /* GachaTechUITests.xctest */;
			productType = "com.apple.product-type.bundle.ui-testing";
		};
/* End PBXNativeTarget section */

/* Begin PBXProject section */
		000C342D263A827800711C82 /* Project object */ = {
			isa = PBXProject;
			attributes = {
				LastSwiftUpdateCheck = 1240;
				LastUpgradeCheck = 1240;
				TargetAttributes = {
					000C3434263A827800711C82 = {
						CreatedOnToolsVersion = 12.4;
					};
					000C344A263A827D00711C82 = {
						CreatedOnToolsVersion = 12.4;
						TestTargetID = 000C3434263A827800711C82;
					};
					000C3455263A827D00711C82 = {
						CreatedOnToolsVersion = 12.4;
						TestTargetID = 000C3434263A827800711C82;
					};
				};
			};
			buildConfigurationList = 000C3430263A827800711C82 /* Build configuration list for PBXProject "GachaTech" */;
			compatibilityVersion = "Xcode 9.3";
			developmentRegion = en;
			hasScannedForEncodings = 0;
			knownRegions = (
				en,
				Base,
			);
			mainGroup = 000C342C263A827800711C82;
			productRefGroup = 000C3436263A827800711C82 /* Products */;
			projectDirPath = "";
			projectRoot = "";
			targets = (
				000C3434263A827800711C82 /* GachaTech */,
				000C344A263A827D00711C82 /* GachaTechTests */,
				000C3455263A827D00711C82 /* GachaTechUITests */,
			);
		};
/* End PBXProject section */

/* Begin PBXResourcesBuildPhase section */
		000C3433263A827800711C82 /* Resources */ = {
			isa = PBXResourcesBuildPhase;
			buildActionMask = 2147483647;
			files = (
				000C3445263A827C00711C82 /* LaunchScreen.storyboard in Resources */,
				000C3442263A827C00711C82 /* Assets.xcassets in Resources */,
				000C3440263A827900711C82 /* Main.storyboard in Resources */,
			);
			runOnlyForDeploymentPostprocessing = 0;
		};
		000C3449263A827D00711C82 /* Resources */ = {
			isa = PBXResourcesBuildPhase;
			buildActionMask = 2147483647;
			files = (
			);
			runOnlyForDeploymentPostprocessing = 0;
		};
		000C3454263A827D00711C82 /* Resources */ = {
			isa = PBXResourcesBuildPhase;
			buildActionMask = 2147483647;
			files = (
			);
			runOnlyForDeploymentPostprocessing = 0;
		};
/* End PBXResourcesBuildPhase section */

/* Begin PBXSourcesBuildPhase section */
		000C3431263A827800711C82 /* Sources */ = {
			isa = PBXSourcesBuildPhase;
			buildActionMask = 2147483647;
			files = (
				000C343D263A827800711C82 /* ViewController.swift in Sources */,
				000C3439263A827800711C82 /* AppDelegate.swift in Sources */,
				000C343B263A827800711C82 /* SceneDelegate.swift in Sources */,
			);
			runOnlyForDeploymentPostprocessing = 0;
		};
		000C3447263A827D00711C82 /* Sources */ = {
			isa = PBXSourcesBuildPhase;
			buildActionMask = 2147483647;
			files = (
				000C3450263A827D00711C82 /* GachaTechTests.swift in Sources */,
			);
			runOnlyForDeploymentPostprocessing = 0;
		};
		000C3452263A827D00711C82 /* Sources */ = {
			isa = PBXSourcesBuildPhase;
			buildActionMask = 2147483647;
			files = (
				000C345B263A827D00711C82 /* GachaTechUITests.swift in Sources */,
			);
			runOnlyForDeploymentPostprocessing = 0;
		};
/* End PBXSourcesBuildPhase section */

/* Begin PBXTargetDependency section */
		000C344D263A827D00711C82 /* PBXTargetDependency */ = {
			isa = PBXTargetDependency;
			target = 000C3434263A827800711C82 /* GachaTech */;
			targetProxy = 000C344C263A827D00711C82 /* PBXContainerItemProxy */;
		};
		000C3458263A827D00711C82 /* PBXTargetDependency */ = {
			isa = PBXTargetDependency;
			target = 000C3434263A827800711C82 /* GachaTech */;
			targetProxy = 000C3457263A827D00711C82 /* PBXContainerItemProxy */;
		};
/* End PBXTargetDependency section */

/* Begin PBXVariantGroup section */
		000C343E263A827800711C82 /* Main.storyboard */ = {
			isa = PBXVariantGroup;
			children = (
				000C343F263A827800711C82 /* Base */,
			);
			name = Main.storyboard;
			sourceTree = "<group>";
		};
		000C3443263A827C00711C82 /* LaunchScreen.storyboard */ = {
			isa = PBXVariantGroup;
			children = (
				000C3444263A827C00711C82 /* Base */,
			);
			name = LaunchScreen.storyboard;
			sourceTree = "<group>";
		};
/* End PBXVariantGroup section */

/* Begin XCBuildConfiguration section */
		000C345D263A827D00711C82 /* Debug */ = {
			isa = XCBuildConfiguration;
			buildSettings = {
				ALWAYS_SEARCH_USER_PATHS = NO;
				CLANG_ANALYZER_NONNULL = YES;
				CLANG_ANALYZER_NUMBER_OBJECT_CONVERSION = YES_AGGRESSIVE;
				CLANG_CXX_LANGUAGE_STANDARD = "gnu++14";
				CLANG_CXX_LIBRARY = "libc++";
				CLANG_ENABLE_MODULES = YES;
				CLANG_ENABLE_OBJC_ARC = YES;
				CLANG_ENABLE_OBJC_WEAK = YES;
				CLANG_WARN_BLOCK_CAPTURE_AUTORELEASING = YES;
				CLANG_WARN_BOOL_CONVERSION = YES;
				CLANG_WARN_COMMA = YES;
				CLANG_WARN_CONSTANT_CONVERSION = YES;
				CLANG_WARN_DEPRECATED_OBJC_IMPLEMENTATIONS = YES;
				CLANG_WARN_DIRECT_OBJC_ISA_USAGE = YES_ERROR;
				CLANG_WARN_DOCUMENTATION_COMMENTS = YES;
				CLANG_WARN_EMPTY_BODY = YES;
				CLANG_WARN_ENUM_CONVERSION = YES;
				CLANG_WARN_INFINITE_RECURSION = YES;
				CLANG_WARN_INT_CONVERSION = YES;
				CLANG_WARN_NON_LITERAL_NULL_CONVERSION = YES;
				CLANG_WARN_OBJC_IMPLICIT_RETAIN_SELF = YES;
				CLANG_WARN_OBJC_LITERAL_CONVERSION = YES;
				CLANG_WARN_OBJC_ROOT_CLASS = YES_ERROR;
				CLANG_WARN_QUOTED_INCLUDE_IN_FRAMEWORK_HEADER = YES;
				CLANG_WARN_RANGE_LOOP_ANALYSIS = YES;
				CLANG_WARN_STRICT_PROTOTYPES = YES;
				CLANG_WARN_SUSPICIOUS_MOVE = YES;
				CLANG_WARN_UNGUARDED_AVAILABILITY = YES_AGGRESSIVE;
				CLANG_WARN_UNREACHABLE_CODE = YES;
				CLANG_WARN__DUPLICATE_METHOD_MATCH = YES;
				COPY_PHASE_STRIP = NO;
				DEBUG_INFORMATION_FORMAT = dwarf;
				ENABLE_STRICT_OBJC_MSGSEND = YES;
				ENABLE_TESTABILITY = YES;
				GCC_C_LANGUAGE_STANDARD = gnu11;
				GCC_DYNAMIC_NO_PIC = NO;
				GCC_NO_COMMON_BLOCKS = YES;
				GCC_OPTIMIZATION_LEVEL = 0;
				GCC_PREPROCESSOR_DEFINITIONS = (
					"DEBUG=1",
					"$(inherited)",
				);
				GCC_WARN_64_TO_32_BIT_CONVERSION = YES;
				GCC_WARN_ABOUT_RETURN_TYPE = YES_ERROR;
				GCC_WARN_UNDECLARED_SELECTOR = YES;
				GCC_WARN_UNINITIALIZED_AUTOS = YES_AGGRESSIVE;
				GCC_WARN_UNUSED_FUNCTION = YES;
				GCC_WARN_UNUSED_VARIABLE = YES;
				IPHONEOS_DEPLOYMENT_TARGET = 14.4;
				MTL_ENABLE_DEBUG_INFO = INCLUDE_SOURCE;
				MTL_FAST_MATH = YES;
				ONLY_ACTIVE_ARCH = YES;
				SDKROOT = iphoneos;
				SWIFT_ACTIVE_COMPILATION_CONDITIONS = DEBUG;
				SWIFT_OPTIMIZATION_LEVEL = "-Onone";
			};
			name = Debug;
		};
		000C345E263A827D00711C82 /* Release */ = {
			isa = XCBuildConfiguration;
			buildSettings = {
				ALWAYS_SEARCH_USER_PATHS = NO;
				CLANG_ANALYZER_NONNULL = YES;
				CLANG_ANALYZER_NUMBER_OBJECT_CONVERSION = YES_AGGRESSIVE;
				CLANG_CXX_LANGUAGE_STANDARD = "gnu++14";
				CLANG_CXX_LIBRARY = "libc++";
				CLANG_ENABLE_MODULES = YES;
				CLANG_ENABLE_OBJC_ARC = YES;
				CLANG_ENABLE_OBJC_WEAK = YES;
				CLANG_WARN_BLOCK_CAPTURE_AUTORELEASING = YES;
				CLANG_WARN_BOOL_CONVERSION = YES;
				CLANG_WARN_COMMA = YES;
				CLANG_WARN_CONSTANT_CONVERSION = YES;
				CLANG_WARN_DEPRECATED_OBJC_IMPLEMENTATIONS = YES;
				CLANG_WARN_DIRECT_OBJC_ISA_USAGE = YES_ERROR;
				CLANG_WARN_DOCUMENTATION_COMMENTS = YES;
				CLANG_WARN_EMPTY_BODY = YES;
				CLANG_WARN_ENUM_CONVERSION = YES;
				CLANG_WARN_INFINITE_RECURSION = YES;
				CLANG_WARN_INT_CONVERSION = YES;
				CLANG_WARN_NON_LITERAL_NULL_CONVERSION = YES;
				CLANG_WARN_OBJC_IMPLICIT_RETAIN_SELF = YES;
				CLANG_WARN_OBJC_LITERAL_CONVERSION = YES;
				CLANG_WARN_OBJC_ROOT_CLASS = YES_ERROR;
				CLANG_WARN_QUOTED_INCLUDE_IN_FRAMEWORK_HEADER = YES;
				CLANG_WARN_RANGE_LOOP_ANALYSIS = YES;
				CLANG_WARN_STRICT_PROTOTYPES = YES;
				CLANG_WARN_SUSPICIOUS_MOVE = YES;
				CLANG_WARN_UNGUARDED_AVAILABILITY = YES_AGGRESSIVE;
				CLANG_WARN_UNREACHABLE_CODE = YES;
				CLANG_WARN__DUPLICATE_METHOD_MATCH = YES;
				COPY_PHASE_STRIP = NO;
				DEBUG_INFORMATION_FORMAT = "dwarf-with-dsym";
				ENABLE_NS_ASSERTIONS = NO;
				ENABLE_STRICT_OBJC_MSGSEND = YES;
				GCC_C_LANGUAGE_STANDARD = gnu11;
				GCC_NO_COMMON_BLOCKS = YES;
				GCC_WARN_64_TO_32_BIT_CONVERSION = YES;
				GCC_WARN_ABOUT_RETURN_TYPE = YES_ERROR;
				GCC_WARN_UNDECLARED_SELECTOR = YES;
				GCC_WARN_UNINITIALIZED_AUTOS = YES_AGGRESSIVE;
				GCC_WARN_UNUSED_FUNCTION = YES;
				GCC_WARN_UNUSED_VARIABLE = YES;
				IPHONEOS_DEPLOYMENT_TARGET = 14.4;
				MTL_ENABLE_DEBUG_INFO = NO;
				MTL_FAST_MATH = YES;
				SDKROOT = iphoneos;
				SWIFT_COMPILATION_MODE = wholemodule;
				SWIFT_OPTIMIZATION_LEVEL = "-O";
				VALIDATE_PRODUCT = YES;
			};
			name = Release;
		};
		000C3460263A827D00711C82 /* Debug */ = {
			isa = XCBuildConfiguration;
			buildSettings = {
				ASSETCATALOG_COMPILER_APPICON_NAME = AppIcon;
				ASSETCATALOG_COMPILER_GLOBAL_ACCENT_COLOR_NAME = AccentColor;
				CODE_SIGN_STYLE = Automatic;
				INFOPLIST_FILE = GachaTech/Info.plist;
				LD_RUNPATH_SEARCH_PATHS = (
					"$(inherited)",
					"@executable_path/Frameworks",
				);
				PRODUCT_BUNDLE_IDENTIFIER = app.Boy.Kawakami.GachaTech;
				PRODUCT_NAME = "$(TARGET_NAME)";
				SWIFT_VERSION = 5.0;
				TARGETED_DEVICE_FAMILY = "1,2";
			};
			name = Debug;
		};
		000C3461263A827D00711C82 /* Release */ = {
			isa = XCBuildConfiguration;
			buildSettings = {
				ASSETCATALOG_COMPILER_APPICON_NAME = AppIcon;
				ASSETCATALOG_COMPILER_GLOBAL_ACCENT_COLOR_NAME = AccentColor;
				CODE_SIGN_STYLE = Automatic;
				INFOPLIST_FILE = GachaTech/Info.plist;
				LD_RUNPATH_SEARCH_PATHS = (
					"$(inherited)",
					"@executable_path/Frameworks",
				);
				PRODUCT_BUNDLE_IDENTIFIER = app.Boy.Kawakami.GachaTech;
				PRODUCT_NAME = "$(TARGET_NAME)";
				SWIFT_VERSION = 5.0;
				TARGETED_DEVICE_FAMILY = "1,2";
			};
			name = Release;
		};
		000C3463263A827D00711C82 /* Debug */ = {
			isa = XCBuildConfiguration;
			buildSettings = {
				ALWAYS_EMBED_SWIFT_STANDARD_LIBRARIES = YES;
				BUNDLE_LOADER = "$(TEST_HOST)";
				CODE_SIGN_STYLE = Automatic;
				INFOPLIST_FILE = GachaTechTests/Info.plist;
				IPHONEOS_DEPLOYMENT_TARGET = 14.4;
				LD_RUNPATH_SEARCH_PATHS = (
					"$(inherited)",
					"@executable_path/Frameworks",
					"@loader_path/Frameworks",
				);
				PRODUCT_BUNDLE_IDENTIFIER = app.Boy.Kawakami.GachaTechTests;
				PRODUCT_NAME = "$(TARGET_NAME)";
				SWIFT_VERSION = 5.0;
				TARGETED_DEVICE_FAMILY = "1,2";
				TEST_HOST = "$(BUILT_PRODUCTS_DIR)/GachaTech.app/GachaTech";
			};
			name = Debug;
		};
		000C3464263A827D00711C82 /* Release */ = {
			isa = XCBuildConfiguration;
			buildSettings = {
				ALWAYS_EMBED_SWIFT_STANDARD_LIBRARIES = YES;
				BUNDLE_LOADER = "$(TEST_HOST)";
				CODE_SIGN_STYLE = Automatic;
				INFOPLIST_FILE = GachaTechTests/Info.plist;
				IPHONEOS_DEPLOYMENT_TARGET = 14.4;
				LD_RUNPATH_SEARCH_PATHS = (
					"$(inherited)",
					"@executable_path/Frameworks",
					"@loader_path/Frameworks",
				);
				PRODUCT_BUNDLE_IDENTIFIER = app.Boy.Kawakami.GachaTechTests;
				PRODUCT_NAME = "$(TARGET_NAME)";
				SWIFT_VERSION = 5.0;
				TARGETED_DEVICE_FAMILY = "1,2";
				TEST_HOST = "$(BUILT_PRODUCTS_DIR)/GachaTech.app/GachaTech";
			};
			name = Release;
		};
		000C3466263A827D00711C82 /* Debug */ = {
			isa = XCBuildConfiguration;
			buildSettings = {
				ALWAYS_EMBED_SWIFT_STANDARD_LIBRARIES = YES;
				CODE_SIGN_STYLE = Automatic;
				INFOPLIST_FILE = GachaTechUITests/Info.plist;
				LD_RUNPATH_SEARCH_PATHS = (
					"$(inherited)",
					"@executable_path/Frameworks",
					"@loader_path/Frameworks",
				);
				PRODUCT_BUNDLE_IDENTIFIER = app.Boy.Kawakami.GachaTechUITests;
				PRODUCT_NAME = "$(TARGET_NAME)";
				SWIFT_VERSION = 5.0;
				TARGETED_DEVICE_FAMILY = "1,2";
				TEST_TARGET_NAME = GachaTech;
			};
			name = Debug;
		};
		000C3467263A827D00711C82 /* Release */ = {
			isa = XCBuildConfiguration;
			buildSettings = {
				ALWAYS_EMBED_SWIFT_STANDARD_LIBRARIES = YES;
				CODE_SIGN_STYLE = Automatic;
				INFOPLIST_FILE = GachaTechUITests/Info.plist;
				LD_RUNPATH_SEARCH_PATHS = (
					"$(inherited)",
					"@executable_path/Frameworks",
					"@loader_path/Frameworks",
				);
				PRODUCT_BUNDLE_IDENTIFIER = app.Boy.Kawakami.GachaTechUITests;
				PRODUCT_NAME = "$(TARGET_NAME)";
				SWIFT_VERSION = 5.0;
				TARGETED_DEVICE_FAMILY = "1,2";
				TEST_TARGET_NAME = GachaTech;
			};
			name = Release;
		};
/* End XCBuildConfiguration section */

/* Begin XCConfigurationList section */
		000C3430263A827800711C82 /* Build configuration list for PBXProject "GachaTech" */ = {
			isa = XCConfigurationList;
			buildConfigurations = (
				000C345D263A827D00711C82 /* Debug */,
				000C345E263A827D00711C82 /* Release */,
			);
			defaultConfigurationIsVisible = 0;
			defaultConfigurationName = Release;
		};
		000C345F263A827D00711C82 /* Build configuration list for PBXNativeTarget "GachaTech" */ = {
			isa = XCConfigurationList;
			buildConfigurations = (
				000C3460263A827D00711C82 /* Debug */,
				000C3461263A827D00711C82 /* Release */,
			);
			defaultConfigurationIsVisible = 0;
			defaultConfigurationName = Release;
		};
		000C3462263A827D00711C82 /* Build configuration list for PBXNativeTarget "GachaTechTests" */ = {
			isa = XCConfigurationList;
			buildConfigurations = (
				000C3463263A827D00711C82 /* Debug */,
				000C3464263A827D00711C82 /* Release */,
			);
			defaultConfigurationIsVisible = 0;
			defaultConfigurationName = Release;
		};
		000C3465263A827D00711C82 /* Build configuration list for PBXNativeTarget "GachaTechUITests" */ = {
			isa = XCConfigurationList;
			buildConfigurations = (
				000C3466263A827D00711C82 /* Debug */,
				000C3467263A827D00711C82 /* Release */,
			);
			defaultConfigurationIsVisible = 0;
			defaultConfigurationName = Release;
		};
/* End XCConfigurationList section */
	};
	rootObject = 000C342D263A827800711C82 /* Project object */;
}
